
Microsoft Visual Studio Solution File, Format Version 12.00
# Visual Studio Version 17
VisualStudioVersion = 17.0.31521.260
MinimumVisualStudioVersion = 10.0.40219.1
Project("{2150E333-8FDC-42A3-9474-1A3956D46DE8}") = "src", "src", "{92F40AFA-8416-40BE-9893-D35E1924C69D}"
EndProject
Project("{2150E333-8FDC-42A3-9474-1A3956D46DE8}") = "Services", "Services", "{4A1D2DFA-D091-4CD2-B9CB-D7AAA795ABD9}"
EndProject
Project("{2150E333-8FDC-42A3-9474-1A3956D46DE8}") = "dapr", "dapr", "{E011B243-0389-468B-B903-83445BED69A4}"
EndProject
Project("{2150E333-8FDC-42A3-9474-1A3956D46DE8}") = "components", "components", "{FBFB499A-7022-4417-881B-68F63DBDB7F4}"
	ProjectSection(SolutionItems) = preProject
		dapr\components\masa-framework-pubsub.yaml = dapr\components\masa-framework-pubsub.yaml
		dapr\components\masa-framework-statestore.yaml = dapr\components\masa-framework-statestore.yaml
	EndProjectSection
EndProject
Project("{2150E333-8FDC-42A3-9474-1A3956D46DE8}") = "Web", "Web", "{F3986DD3-0372-4929-B72A-09D93196541E}"
EndProject
Project("{9A19103F-16F7-4668-BE54-9A1E7A4F7556}") = "MASA.Framework.Admin.Web", "src\Web\MASA.Framework.Admin.Web\MASA.Framework.Admin.Web.csproj", "{3F0181CA-BDF5-4F56-A664-0E82DFD2A8C7}"
EndProject
Project("{2150E333-8FDC-42A3-9474-1A3956D46DE8}") = "ApiGateways", "ApiGateways", "{32774681-0D67-48A6-A379-D57015094F85}"
EndProject
Project("{9A19103F-16F7-4668-BE54-9A1E7A4F7556}") = "MASA.Framework.Admin.Caller", "src\ApiGateways\Caller\MASA.Framework.Admin.Caller\MASA.Framework.Admin.Caller.csproj", "{40685EC0-64DF-4742-B8F6-602AFAEFC0EA}"
EndProject
Project("{2150E333-8FDC-42A3-9474-1A3956D46DE8}") = "Contracts", "Contracts", "{88AD0A79-5286-4C1C-8A58-AAC9E6870CCD}"
EndProject
Project("{E53339B2-1760-4266-BCC7-CA923CBCF16C}") = "docker-compose", "docker-compose.dcproj", "{45004002-64DA-47F6-95F6-C6A0583E2FF5}"
EndProject
Project("{9A19103F-16F7-4668-BE54-9A1E7A4F7556}") = "MASA.Framework.Admin.Contracts.Base", "src\Contracts\MASA.Framework.Admin.Contracts.Base\MASA.Framework.Admin.Contracts.Base.csproj", "{6B778B52-729B-4B34-851B-8C2A71A4B3CE}"
EndProject
Project("{9A19103F-16F7-4668-BE54-9A1E7A4F7556}") = "MASA.Framework.Admin.Contracts.Authentication", "src\Contracts\MASA.Framework.Admin.Contracts.Authentication\MASA.Framework.Admin.Contracts.Authentication.csproj", "{1E10FA90-8193-491E-B66C-9D9DD033B5AC}"
EndProject
Project("{9A19103F-16F7-4668-BE54-9A1E7A4F7556}") = "MASA.Framework.Admin.Contracts.Configuration", "src\Contracts\MASA.Framework.Admin.Contracts.Configuration\MASA.Framework.Admin.Contracts.Configuration.csproj", "{4D65D440-4672-41C1-A991-C4373907ED80}"
EndProject
Project("{9A19103F-16F7-4668-BE54-9A1E7A4F7556}") = "MASA.Framework.Admin.Service.Authentication", "src\Services\MASA.Framework.Admin.Service.Authentication\MASA.Framework.Admin.Service.Authentication.csproj", "{5A448B34-EFE0-4D8B-861D-3BE3848E0E90}"
EndProject
Project("{9A19103F-16F7-4668-BE54-9A1E7A4F7556}") = "MASA.Framework.Admin.Contracts.User", "src\Contracts\MASA.Framework.Admin.Contracts.User\MASA.Framework.Admin.Contracts.User.csproj", "{20964A66-A5D2-4B34-9752-F8448DAAA8C0}"
EndProject
Project("{9A19103F-16F7-4668-BE54-9A1E7A4F7556}") = "MASA.Framework.Admin.Service.User", "src\Services\MASA.Framework.Admin.Service.User\MASA.Framework.Admin.Service.User.csproj", "{90976C98-6ECC-493B-BBCA-D001D5B034B6}"
EndProject
Project("{9A19103F-16F7-4668-BE54-9A1E7A4F7556}") = "Masa.Framework.Admin.RCL.RBAC", "src\Web\Masa.Framework.Admin.RCL.RBAC\Masa.Framework.Admin.RCL.RBAC.csproj", "{B1F5A208-21A1-4D38-9FFB-89D272660809}"
EndProject
Project("{9A19103F-16F7-4668-BE54-9A1E7A4F7556}") = "MASA.Framework.Admin.Service.Configuration", "src\Services\MASA.Framework.Admin.Service.Configuration\MASA.Framework.Admin.Service.Configuration.csproj", "{10918FA4-25B4-44FF-B8B2-6FFF12C6A744}"
EndProject
Project("{9A19103F-16F7-4668-BE54-9A1E7A4F7556}") = "MASA.Framework.Admin.Web.Base", "src\Web\MASA.Framework.Admin.Web.Base\MASA.Framework.Admin.Web.Base.csproj", "{AE66A1FB-26E3-47C0-8B9F-6879B0612B9F}"
EndProject
Project("{9A19103F-16F7-4668-BE54-9A1E7A4F7556}") = "MASA.Framework.Admin.Api", "src\Services\MASA.Framework.Admin.Api\MASA.Framework.Admin.Api.csproj", "{232DE9F3-0224-4C9F-BBCF-511C64925B03}"
EndProject
Project("{9A19103F-16F7-4668-BE54-9A1E7A4F7556}") = "MASA.Framework.Admin.Contracts.Login", "src\Contracts\MASA.Framework.Admin.Contracts.Login\MASA.Framework.Admin.Contracts.Login.csproj", "{FC203EFD-5C22-4B87-9E58-E6852B1F60F9}"
EndProject
Project("{2150E333-8FDC-42A3-9474-1A3956D46DE8}") = "Infrastructure", "Infrastructure", "{D112D319-D505-4D84-A7B9-B94208034F92}"
EndProject
Project("{9A19103F-16F7-4668-BE54-9A1E7A4F7556}") = "MASA.Framework.Admin.Infrastructure.Configurations", "src\Infrastructure\MASA.Framework.Admin.Infrastructure.Configurations\MASA.Framework.Admin.Infrastructure.Configurations.csproj", "{D3C28614-A595-456B-9790-BCF2C866FB78}"
EndProject
Project("{9A19103F-16F7-4668-BE54-9A1E7A4F7556}") = "MASA.Framework.Admin.Infrastructure.Utils", "src\Infrastructure\MASA.Framework.Admin.Infrastructure.Utils\MASA.Framework.Admin.Infrastructure.Utils.csproj", "{50A869ED-276E-42D8-ACE6-A68F4F2EB762}"
EndProject
Global
	GlobalSection(SolutionConfigurationPlatforms) = preSolution
		Debug|Any CPU = Debug|Any CPU
		Debug|x86 = Debug|x86
		Release|Any CPU = Release|Any CPU
		Release|x86 = Release|x86
	EndGlobalSection
	GlobalSection(ProjectConfigurationPlatforms) = postSolution
		{3F0181CA-BDF5-4F56-A664-0E82DFD2A8C7}.Debug|Any CPU.ActiveCfg = Debug|Any CPU
		{3F0181CA-BDF5-4F56-A664-0E82DFD2A8C7}.Debug|Any CPU.Build.0 = Debug|Any CPU
		{3F0181CA-BDF5-4F56-A664-0E82DFD2A8C7}.Debug|x86.ActiveCfg = Debug|Any CPU
		{3F0181CA-BDF5-4F56-A664-0E82DFD2A8C7}.Debug|x86.Build.0 = Debug|Any CPU
		{3F0181CA-BDF5-4F56-A664-0E82DFD2A8C7}.Release|Any CPU.ActiveCfg = Release|Any CPU
		{3F0181CA-BDF5-4F56-A664-0E82DFD2A8C7}.Release|Any CPU.Build.0 = Release|Any CPU
		{3F0181CA-BDF5-4F56-A664-0E82DFD2A8C7}.Release|x86.ActiveCfg = Release|Any CPU
		{3F0181CA-BDF5-4F56-A664-0E82DFD2A8C7}.Release|x86.Build.0 = Release|Any CPU
		{40685EC0-64DF-4742-B8F6-602AFAEFC0EA}.Debug|Any CPU.ActiveCfg = Debug|Any CPU
		{40685EC0-64DF-4742-B8F6-602AFAEFC0EA}.Debug|Any CPU.Build.0 = Debug|Any CPU
		{40685EC0-64DF-4742-B8F6-602AFAEFC0EA}.Debug|x86.ActiveCfg = Debug|Any CPU
		{40685EC0-64DF-4742-B8F6-602AFAEFC0EA}.Debug|x86.Build.0 = Debug|Any CPU
		{40685EC0-64DF-4742-B8F6-602AFAEFC0EA}.Release|Any CPU.ActiveCfg = Release|Any CPU
		{40685EC0-64DF-4742-B8F6-602AFAEFC0EA}.Release|Any CPU.Build.0 = Release|Any CPU
		{40685EC0-64DF-4742-B8F6-602AFAEFC0EA}.Release|x86.ActiveCfg = Release|Any CPU
		{40685EC0-64DF-4742-B8F6-602AFAEFC0EA}.Release|x86.Build.0 = Release|Any CPU
		{45004002-64DA-47F6-95F6-C6A0583E2FF5}.Debug|Any CPU.ActiveCfg = Debug|Any CPU
		{45004002-64DA-47F6-95F6-C6A0583E2FF5}.Debug|Any CPU.Build.0 = Debug|Any CPU
		{45004002-64DA-47F6-95F6-C6A0583E2FF5}.Debug|x86.ActiveCfg = Debug|Any CPU
		{45004002-64DA-47F6-95F6-C6A0583E2FF5}.Debug|x86.Build.0 = Debug|Any CPU
		{45004002-64DA-47F6-95F6-C6A0583E2FF5}.Release|Any CPU.ActiveCfg = Release|Any CPU
		{45004002-64DA-47F6-95F6-C6A0583E2FF5}.Release|Any CPU.Build.0 = Release|Any CPU
		{45004002-64DA-47F6-95F6-C6A0583E2FF5}.Release|x86.ActiveCfg = Release|Any CPU
		{45004002-64DA-47F6-95F6-C6A0583E2FF5}.Release|x86.Build.0 = Release|Any CPU
		{6B778B52-729B-4B34-851B-8C2A71A4B3CE}.Debug|Any CPU.ActiveCfg = Debug|Any CPU
		{6B778B52-729B-4B34-851B-8C2A71A4B3CE}.Debug|Any CPU.Build.0 = Debug|Any CPU
		{6B778B52-729B-4B34-851B-8C2A71A4B3CE}.Debug|x86.ActiveCfg = Debug|Any CPU
		{6B778B52-729B-4B34-851B-8C2A71A4B3CE}.Debug|x86.Build.0 = Debug|Any CPU
		{6B778B52-729B-4B34-851B-8C2A71A4B3CE}.Release|Any CPU.ActiveCfg = Release|Any CPU
		{6B778B52-729B-4B34-851B-8C2A71A4B3CE}.Release|Any CPU.Build.0 = Release|Any CPU
		{6B778B52-729B-4B34-851B-8C2A71A4B3CE}.Release|x86.ActiveCfg = Release|Any CPU
		{6B778B52-729B-4B34-851B-8C2A71A4B3CE}.Release|x86.Build.0 = Release|Any CPU
		{1E10FA90-8193-491E-B66C-9D9DD033B5AC}.Debug|Any CPU.ActiveCfg = Debug|Any CPU
		{1E10FA90-8193-491E-B66C-9D9DD033B5AC}.Debug|Any CPU.Build.0 = Debug|Any CPU
		{1E10FA90-8193-491E-B66C-9D9DD033B5AC}.Debug|x86.ActiveCfg = Debug|Any CPU
		{1E10FA90-8193-491E-B66C-9D9DD033B5AC}.Debug|x86.Build.0 = Debug|Any CPU
		{1E10FA90-8193-491E-B66C-9D9DD033B5AC}.Release|Any CPU.ActiveCfg = Release|Any CPU
		{1E10FA90-8193-491E-B66C-9D9DD033B5AC}.Release|Any CPU.Build.0 = Release|Any CPU
		{1E10FA90-8193-491E-B66C-9D9DD033B5AC}.Release|x86.ActiveCfg = Release|Any CPU
		{1E10FA90-8193-491E-B66C-9D9DD033B5AC}.Release|x86.Build.0 = Release|Any CPU
		{4D65D440-4672-41C1-A991-C4373907ED80}.Debug|Any CPU.ActiveCfg = Debug|Any CPU
		{4D65D440-4672-41C1-A991-C4373907ED80}.Debug|Any CPU.Build.0 = Debug|Any CPU
		{4D65D440-4672-41C1-A991-C4373907ED80}.Debug|x86.ActiveCfg = Debug|Any CPU
		{4D65D440-4672-41C1-A991-C4373907ED80}.Debug|x86.Build.0 = Debug|Any CPU
		{4D65D440-4672-41C1-A991-C4373907ED80}.Release|Any CPU.ActiveCfg = Release|Any CPU
		{4D65D440-4672-41C1-A991-C4373907ED80}.Release|Any CPU.Build.0 = Release|Any CPU
		{4D65D440-4672-41C1-A991-C4373907ED80}.Release|x86.ActiveCfg = Release|Any CPU
		{4D65D440-4672-41C1-A991-C4373907ED80}.Release|x86.Build.0 = Release|Any CPU
		{5A448B34-EFE0-4D8B-861D-3BE3848E0E90}.Debug|Any CPU.ActiveCfg = Debug|Any CPU
		{5A448B34-EFE0-4D8B-861D-3BE3848E0E90}.Debug|Any CPU.Build.0 = Debug|Any CPU
		{5A448B34-EFE0-4D8B-861D-3BE3848E0E90}.Debug|x86.ActiveCfg = Debug|Any CPU
		{5A448B34-EFE0-4D8B-861D-3BE3848E0E90}.Debug|x86.Build.0 = Debug|Any CPU
		{5A448B34-EFE0-4D8B-861D-3BE3848E0E90}.Release|Any CPU.ActiveCfg = Release|Any CPU
		{5A448B34-EFE0-4D8B-861D-3BE3848E0E90}.Release|Any CPU.Build.0 = Release|Any CPU
		{5A448B34-EFE0-4D8B-861D-3BE3848E0E90}.Release|x86.ActiveCfg = Release|Any CPU
		{5A448B34-EFE0-4D8B-861D-3BE3848E0E90}.Release|x86.Build.0 = Release|Any CPU
		{20964A66-A5D2-4B34-9752-F8448DAAA8C0}.Debug|Any CPU.ActiveCfg = Debug|Any CPU
		{20964A66-A5D2-4B34-9752-F8448DAAA8C0}.Debug|Any CPU.Build.0 = Debug|Any CPU
		{20964A66-A5D2-4B34-9752-F8448DAAA8C0}.Debug|x86.ActiveCfg = Debug|Any CPU
		{20964A66-A5D2-4B34-9752-F8448DAAA8C0}.Debug|x86.Build.0 = Debug|Any CPU
		{20964A66-A5D2-4B34-9752-F8448DAAA8C0}.Release|Any CPU.ActiveCfg = Release|Any CPU
		{20964A66-A5D2-4B34-9752-F8448DAAA8C0}.Release|Any CPU.Build.0 = Release|Any CPU
		{20964A66-A5D2-4B34-9752-F8448DAAA8C0}.Release|x86.ActiveCfg = Release|Any CPU
		{20964A66-A5D2-4B34-9752-F8448DAAA8C0}.Release|x86.Build.0 = Release|Any CPU
		{90976C98-6ECC-493B-BBCA-D001D5B034B6}.Debug|Any CPU.ActiveCfg = Debug|Any CPU
		{90976C98-6ECC-493B-BBCA-D001D5B034B6}.Debug|Any CPU.Build.0 = Debug|Any CPU
		{90976C98-6ECC-493B-BBCA-D001D5B034B6}.Debug|x86.ActiveCfg = Debug|Any CPU
		{90976C98-6ECC-493B-BBCA-D001D5B034B6}.Debug|x86.Build.0 = Debug|Any CPU
		{90976C98-6ECC-493B-BBCA-D001D5B034B6}.Release|Any CPU.ActiveCfg = Release|Any CPU
		{90976C98-6ECC-493B-BBCA-D001D5B034B6}.Release|Any CPU.Build.0 = Release|Any CPU
		{90976C98-6ECC-493B-BBCA-D001D5B034B6}.Release|x86.ActiveCfg = Release|Any CPU
		{90976C98-6ECC-493B-BBCA-D001D5B034B6}.Release|x86.Build.0 = Release|Any CPU
		{B1F5A208-21A1-4D38-9FFB-89D272660809}.Debug|Any CPU.ActiveCfg = Debug|Any CPU
		{B1F5A208-21A1-4D38-9FFB-89D272660809}.Debug|Any CPU.Build.0 = Debug|Any CPU
		{B1F5A208-21A1-4D38-9FFB-89D272660809}.Debug|x86.ActiveCfg = Debug|Any CPU
		{B1F5A208-21A1-4D38-9FFB-89D272660809}.Debug|x86.Build.0 = Debug|Any CPU
		{B1F5A208-21A1-4D38-9FFB-89D272660809}.Release|Any CPU.ActiveCfg = Release|Any CPU
		{B1F5A208-21A1-4D38-9FFB-89D272660809}.Release|Any CPU.Build.0 = Release|Any CPU
		{B1F5A208-21A1-4D38-9FFB-89D272660809}.Release|x86.ActiveCfg = Release|Any CPU
		{B1F5A208-21A1-4D38-9FFB-89D272660809}.Release|x86.Build.0 = Release|Any CPU
		{10918FA4-25B4-44FF-B8B2-6FFF12C6A744}.Debug|Any CPU.ActiveCfg = Debug|Any CPU
		{10918FA4-25B4-44FF-B8B2-6FFF12C6A744}.Debug|Any CPU.Build.0 = Debug|Any CPU
		{10918FA4-25B4-44FF-B8B2-6FFF12C6A744}.Debug|x86.ActiveCfg = Debug|Any CPU
		{10918FA4-25B4-44FF-B8B2-6FFF12C6A744}.Debug|x86.Build.0 = Debug|Any CPU
		{10918FA4-25B4-44FF-B8B2-6FFF12C6A744}.Release|Any CPU.ActiveCfg = Release|Any CPU
		{10918FA4-25B4-44FF-B8B2-6FFF12C6A744}.Release|Any CPU.Build.0 = Release|Any CPU
		{10918FA4-25B4-44FF-B8B2-6FFF12C6A744}.Release|x86.ActiveCfg = Release|Any CPU
		{10918FA4-25B4-44FF-B8B2-6FFF12C6A744}.Release|x86.Build.0 = Release|Any CPU
		{AE66A1FB-26E3-47C0-8B9F-6879B0612B9F}.Debug|Any CPU.ActiveCfg = Debug|Any CPU
		{AE66A1FB-26E3-47C0-8B9F-6879B0612B9F}.Debug|Any CPU.Build.0 = Debug|Any CPU
		{AE66A1FB-26E3-47C0-8B9F-6879B0612B9F}.Debug|x86.ActiveCfg = Debug|Any CPU
		{AE66A1FB-26E3-47C0-8B9F-6879B0612B9F}.Debug|x86.Build.0 = Debug|Any CPU
		{AE66A1FB-26E3-47C0-8B9F-6879B0612B9F}.Release|Any CPU.ActiveCfg = Release|Any CPU
		{AE66A1FB-26E3-47C0-8B9F-6879B0612B9F}.Release|Any CPU.Build.0 = Release|Any CPU
		{AE66A1FB-26E3-47C0-8B9F-6879B0612B9F}.Release|x86.ActiveCfg = Release|Any CPU
		{AE66A1FB-26E3-47C0-8B9F-6879B0612B9F}.Release|x86.Build.0 = Release|Any CPU
		{232DE9F3-0224-4C9F-BBCF-511C64925B03}.Debug|Any CPU.ActiveCfg = Debug|Any CPU
		{232DE9F3-0224-4C9F-BBCF-511C64925B03}.Debug|Any CPU.Build.0 = Debug|Any CPU
		{232DE9F3-0224-4C9F-BBCF-511C64925B03}.Debug|x86.ActiveCfg = Debug|Any CPU
		{232DE9F3-0224-4C9F-BBCF-511C64925B03}.Debug|x86.Build.0 = Debug|Any CPU
		{232DE9F3-0224-4C9F-BBCF-511C64925B03}.Release|Any CPU.ActiveCfg = Release|Any CPU
		{232DE9F3-0224-4C9F-BBCF-511C64925B03}.Release|Any CPU.Build.0 = Release|Any CPU
		{232DE9F3-0224-4C9F-BBCF-511C64925B03}.Release|x86.ActiveCfg = Release|Any CPU
		{232DE9F3-0224-4C9F-BBCF-511C64925B03}.Release|x86.Build.0 = Release|Any CPU
		{FC203EFD-5C22-4B87-9E58-E6852B1F60F9}.Debug|Any CPU.ActiveCfg = Debug|Any CPU
		{FC203EFD-5C22-4B87-9E58-E6852B1F60F9}.Debug|Any CPU.Build.0 = Debug|Any CPU
		{FC203EFD-5C22-4B87-9E58-E6852B1F60F9}.Debug|x86.ActiveCfg = Debug|Any CPU
		{FC203EFD-5C22-4B87-9E58-E6852B1F60F9}.Debug|x86.Build.0 = Debug|Any CPU
		{FC203EFD-5C22-4B87-9E58-E6852B1F60F9}.Release|Any CPU.ActiveCfg = Release|Any CPU
		{FC203EFD-5C22-4B87-9E58-E6852B1F60F9}.Release|Any CPU.Build.0 = Release|Any CPU
		{FC203EFD-5C22-4B87-9E58-E6852B1F60F9}.Release|x86.ActiveCfg = Release|Any CPU
		{FC203EFD-5C22-4B87-9E58-E6852B1F60F9}.Release|x86.Build.0 = Release|Any CPU
		{D3C28614-A595-456B-9790-BCF2C866FB78}.Debug|Any CPU.ActiveCfg = Debug|Any CPU
		{D3C28614-A595-456B-9790-BCF2C866FB78}.Debug|Any CPU.Build.0 = Debug|Any CPU
		{D3C28614-A595-456B-9790-BCF2C866FB78}.Debug|x86.ActiveCfg = Debug|Any CPU
		{D3C28614-A595-456B-9790-BCF2C866FB78}.Debug|x86.Build.0 = Debug|Any CPU
		{D3C28614-A595-456B-9790-BCF2C866FB78}.Release|Any CPU.ActiveCfg = Release|Any CPU
		{D3C28614-A595-456B-9790-BCF2C866FB78}.Release|Any CPU.Build.0 = Release|Any CPU
		{D3C28614-A595-456B-9790-BCF2C866FB78}.Release|x86.ActiveCfg = Release|Any CPU
		{D3C28614-A595-456B-9790-BCF2C866FB78}.Release|x86.Build.0 = Release|Any CPU
		{50A869ED-276E-42D8-ACE6-A68F4F2EB762}.Debug|Any CPU.ActiveCfg = Debug|Any CPU
		{50A869ED-276E-42D8-ACE6-A68F4F2EB762}.Debug|Any CPU.Build.0 = Debug|Any CPU
		{50A869ED-276E-42D8-ACE6-A68F4F2EB762}.Debug|x86.ActiveCfg = Debug|Any CPU
		{50A869ED-276E-42D8-ACE6-A68F4F2EB762}.Debug|x86.Build.0 = Debug|Any CPU
		{50A869ED-276E-42D8-ACE6-A68F4F2EB762}.Release|Any CPU.ActiveCfg = Release|Any CPU
		{50A869ED-276E-42D8-ACE6-A68F4F2EB762}.Release|Any CPU.Build.0 = Release|Any CPU
		{50A869ED-276E-42D8-ACE6-A68F4F2EB762}.Release|x86.ActiveCfg = Release|Any CPU
		{50A869ED-276E-42D8-ACE6-A68F4F2EB762}.Release|x86.Build.0 = Release|Any CPU
	EndGlobalSection
	GlobalSection(SolutionProperties) = preSolution
		HideSolutionNode = FALSE
	EndGlobalSection
	GlobalSection(NestedProjects) = preSolution
		{4A1D2DFA-D091-4CD2-B9CB-D7AAA795ABD9} = {92F40AFA-8416-40BE-9893-D35E1924C69D}
		{FBFB499A-7022-4417-881B-68F63DBDB7F4} = {E011B243-0389-468B-B903-83445BED69A4}
		{F3986DD3-0372-4929-B72A-09D93196541E} = {92F40AFA-8416-40BE-9893-D35E1924C69D}
		{3F0181CA-BDF5-4F56-A664-0E82DFD2A8C7} = {F3986DD3-0372-4929-B72A-09D93196541E}
		{32774681-0D67-48A6-A379-D57015094F85} = {92F40AFA-8416-40BE-9893-D35E1924C69D}
		{40685EC0-64DF-4742-B8F6-602AFAEFC0EA} = {32774681-0D67-48A6-A379-D57015094F85}
		{88AD0A79-5286-4C1C-8A58-AAC9E6870CCD} = {92F40AFA-8416-40BE-9893-D35E1924C69D}
		{6B778B52-729B-4B34-851B-8C2A71A4B3CE} = {88AD0A79-5286-4C1C-8A58-AAC9E6870CCD}
		{1E10FA90-8193-491E-B66C-9D9DD033B5AC} = {88AD0A79-5286-4C1C-8A58-AAC9E6870CCD}
		{4D65D440-4672-41C1-A991-C4373907ED80} = {88AD0A79-5286-4C1C-8A58-AAC9E6870CCD}
		{5A448B34-EFE0-4D8B-861D-3BE3848E0E90} = {4A1D2DFA-D091-4CD2-B9CB-D7AAA795ABD9}
		{20964A66-A5D2-4B34-9752-F8448DAAA8C0} = {88AD0A79-5286-4C1C-8A58-AAC9E6870CCD}
		{90976C98-6ECC-493B-BBCA-D001D5B034B6} = {4A1D2DFA-D091-4CD2-B9CB-D7AAA795ABD9}
		{B1F5A208-21A1-4D38-9FFB-89D272660809} = {F3986DD3-0372-4929-B72A-09D93196541E}
		{10918FA4-25B4-44FF-B8B2-6FFF12C6A744} = {4A1D2DFA-D091-4CD2-B9CB-D7AAA795ABD9}
		{AE66A1FB-26E3-47C0-8B9F-6879B0612B9F} = {F3986DD3-0372-4929-B72A-09D93196541E}
		{232DE9F3-0224-4C9F-BBCF-511C64925B03} = {4A1D2DFA-D091-4CD2-B9CB-D7AAA795ABD9}
		{FC203EFD-5C22-4B87-9E58-E6852B1F60F9} = {88AD0A79-5286-4C1C-8A58-AAC9E6870CCD}
		{D112D319-D505-4D84-A7B9-B94208034F92} = {92F40AFA-8416-40BE-9893-D35E1924C69D}
		{D3C28614-A595-456B-9790-BCF2C866FB78} = {D112D319-D505-4D84-A7B9-B94208034F92}
		{50A869ED-276E-42D8-ACE6-A68F4F2EB762} = {D112D319-D505-4D84-A7B9-B94208034F92}
	EndGlobalSection
	GlobalSection(ExtensibilityGlobals) = postSolution
		SolutionGuid = {B83BA2BA-19E5-41FB-A92A-16A03DA229E4}
	EndGlobalSection
EndGlobal
